
Microsoft Visual Studio Solution File, Format Version 12.00
# Visual Studio 2012
VisualStudioVersion = 12.0.30501.0
MinimumVisualStudioVersion = 10.0.40219.1
Project("{2150E333-8FDC-42A3-9474-1A3956D46DE8}") = "Components", "Components", "{1604C895-1B25-403C-B64D-A40BC0FB9CD0}"
EndProject
Project("{FAE04EC0-301F-11D3-BF4B-00C04F79EFBC}") = "PagedCarouselPage", "PagedCarouselPage\PagedCarouselPage.csproj", "{CBF65A2E-F9EF-415F-8FA7-907D93330A84}"
EndProject
Project("{FAE04EC0-301F-11D3-BF4B-00C04F79EFBC}") = "PagedCarouselPage.Android", "PagedCarouselPage.Android\PagedCarouselPage.Android.csproj", "{C30B5BDF-0031-4D88-AF39-4CAA2B48A2DC}"
EndProject
Project("{FAE04EC0-301F-11D3-BF4B-00C04F79EFBC}") = "PagedCarouselPage.WindowsPhone", "PagedCarouselPage.WindowsPhone\PagedCarouselPage.WindowsPhone.csproj", "{CAC6A101-C21B-4641-84ED-B24F40F213FA}"
EndProject
Project("{2150E333-8FDC-42A3-9474-1A3956D46DE8}") = "Samples", "Samples", "{AED9F5BE-D1EA-4D4D-AA6F-5A9BABD50C19}"
EndProject
Project("{FAE04EC0-301F-11D3-BF4B-00C04F79EFBC}") = "PagedCarouselPage.Sample.iOS", "..\sample\PagedCarousePage.Sample.iOS\PagedCarouselPage.Sample.iOS.csproj", "{C770EFB9-9693-40DD-A34C-FE4A541B4EB5}"
EndProject
Project("{FAE04EC0-301F-11D3-BF4B-00C04F79EFBC}") = "PagedCarouselPage.Sample", "..\sample\PagedCarousePage.Sample\PagedCarouselPage.Sample.csproj", "{CDF5610A-C087-4DFA-BCAD-F53392D7E917}"
EndProject
Project("{FAE04EC0-301F-11D3-BF4B-00C04F79EFBC}") = "PagedCarouselPage.Sample.Android", "..\sample\PagedCarouselPage.Sample.Android\PagedCarouselPage.Sample.Android.csproj", "{D6FDA480-F476-4830-8837-6F5EA9360642}"
EndProject
Project("{FAE04EC0-301F-11D3-BF4B-00C04F79EFBC}") = "PagedCarousePage.Sample.WindowsPhone", "..\sample\PagedCarousePage.Sample.WindowsPhone\PagedCarousePage.Sample.WindowsPhone.csproj", "{48C46F4E-41FB-4462-A7B9-3C9970ED207B}"
EndProject
Project("{FAE04EC0-301F-11D3-BF4B-00C04F79EFBC}") = "PagedCarouselPageiOS", "PagedCarouselPageiOS\PagedCarouselPageiOS.csproj", "{62B29EAB-3309-416A-8F33-23CDC695FADA}"
EndProject
Global
	GlobalSection(SolutionConfigurationPlatforms) = preSolution
		Ad-Hoc|Any CPU = Ad-Hoc|Any CPU
		Ad-Hoc|ARM = Ad-Hoc|ARM
		Ad-Hoc|iPhone = Ad-Hoc|iPhone
		Ad-Hoc|iPhoneSimulator = Ad-Hoc|iPhoneSimulator
		Ad-Hoc|Mixed Platforms = Ad-Hoc|Mixed Platforms
		Ad-Hoc|x86 = Ad-Hoc|x86
		AppStore|Any CPU = AppStore|Any CPU
		AppStore|ARM = AppStore|ARM
		AppStore|iPhone = AppStore|iPhone
		AppStore|iPhoneSimulator = AppStore|iPhoneSimulator
		AppStore|Mixed Platforms = AppStore|Mixed Platforms
		AppStore|x86 = AppStore|x86
		Debug|Any CPU = Debug|Any CPU
		Debug|ARM = Debug|ARM
		Debug|iPhone = Debug|iPhone
		Debug|iPhoneSimulator = Debug|iPhoneSimulator
		Debug|Mixed Platforms = Debug|Mixed Platforms
		Debug|x86 = Debug|x86
		Release|Any CPU = Release|Any CPU
		Release|ARM = Release|ARM
		Release|iPhone = Release|iPhone
		Release|iPhoneSimulator = Release|iPhoneSimulator
		Release|Mixed Platforms = Release|Mixed Platforms
		Release|x86 = Release|x86
	EndGlobalSection
	GlobalSection(ProjectConfigurationPlatforms) = postSolution
		{48C46F4E-41FB-4462-A7B9-3C9970ED207B}.Ad-Hoc|Any CPU.ActiveCfg = Release|Any CPU
		{48C46F4E-41FB-4462-A7B9-3C9970ED207B}.Ad-Hoc|Any CPU.Build.0 = Release|Any CPU
		{48C46F4E-41FB-4462-A7B9-3C9970ED207B}.Ad-Hoc|Any CPU.Deploy.0 = Release|Any CPU
		{48C46F4E-41FB-4462-A7B9-3C9970ED207B}.Ad-Hoc|ARM.ActiveCfg = Release|ARM
		{48C46F4E-41FB-4462-A7B9-3C9970ED207B}.Ad-Hoc|ARM.Build.0 = Release|ARM
		{48C46F4E-41FB-4462-A7B9-3C9970ED207B}.Ad-Hoc|ARM.Deploy.0 = Release|ARM
		{48C46F4E-41FB-4462-A7B9-3C9970ED207B}.Ad-Hoc|iPhone.ActiveCfg = Release|Any CPU
		{48C46F4E-41FB-4462-A7B9-3C9970ED207B}.Ad-Hoc|iPhoneSimulator.ActiveCfg = Release|Any CPU
		{48C46F4E-41FB-4462-A7B9-3C9970ED207B}.Ad-Hoc|Mixed Platforms.ActiveCfg = Release|x86
		{48C46F4E-41FB-4462-A7B9-3C9970ED207B}.Ad-Hoc|Mixed Platforms.Build.0 = Release|x86
		{48C46F4E-41FB-4462-A7B9-3C9970ED207B}.Ad-Hoc|Mixed Platforms.Deploy.0 = Release|x86
		{48C46F4E-41FB-4462-A7B9-3C9970ED207B}.Ad-Hoc|x86.ActiveCfg = Release|x86
		{48C46F4E-41FB-4462-A7B9-3C9970ED207B}.Ad-Hoc|x86.Build.0 = Release|x86
		{48C46F4E-41FB-4462-A7B9-3C9970ED207B}.Ad-Hoc|x86.Deploy.0 = Release|x86
		{48C46F4E-41FB-4462-A7B9-3C9970ED207B}.AppStore|Any CPU.ActiveCfg = Release|Any CPU
		{48C46F4E-41FB-4462-A7B9-3C9970ED207B}.AppStore|Any CPU.Build.0 = Release|Any CPU
		{48C46F4E-41FB-4462-A7B9-3C9970ED207B}.AppStore|Any CPU.Deploy.0 = Release|Any CPU
		{48C46F4E-41FB-4462-A7B9-3C9970ED207B}.AppStore|ARM.ActiveCfg = Release|ARM
		{48C46F4E-41FB-4462-A7B9-3C9970ED207B}.AppStore|ARM.Build.0 = Release|ARM
		{48C46F4E-41FB-4462-A7B9-3C9970ED207B}.AppStore|ARM.Deploy.0 = Release|ARM
		{48C46F4E-41FB-4462-A7B9-3C9970ED207B}.AppStore|iPhone.ActiveCfg = Release|Any CPU
		{48C46F4E-41FB-4462-A7B9-3C9970ED207B}.AppStore|iPhoneSimulator.ActiveCfg = Release|Any CPU
		{48C46F4E-41FB-4462-A7B9-3C9970ED207B}.AppStore|Mixed Platforms.ActiveCfg = Release|x86
		{48C46F4E-41FB-4462-A7B9-3C9970ED207B}.AppStore|Mixed Platforms.Build.0 = Release|x86
		{48C46F4E-41FB-4462-A7B9-3C9970ED207B}.AppStore|Mixed Platforms.Deploy.0 = Release|x86
		{48C46F4E-41FB-4462-A7B9-3C9970ED207B}.AppStore|x86.ActiveCfg = Release|x86
		{48C46F4E-41FB-4462-A7B9-3C9970ED207B}.AppStore|x86.Build.0 = Release|x86
		{48C46F4E-41FB-4462-A7B9-3C9970ED207B}.AppStore|x86.Deploy.0 = Release|x86
		{48C46F4E-41FB-4462-A7B9-3C9970ED207B}.Debug|Any CPU.ActiveCfg = Debug|Any CPU
		{48C46F4E-41FB-4462-A7B9-3C9970ED207B}.Debug|Any CPU.Build.0 = Debug|Any CPU
		{48C46F4E-41FB-4462-A7B9-3C9970ED207B}.Debug|Any CPU.Deploy.0 = Debug|Any CPU
		{48C46F4E-41FB-4462-A7B9-3C9970ED207B}.Debug|ARM.ActiveCfg = Debug|ARM
		{48C46F4E-41FB-4462-A7B9-3C9970ED207B}.Debug|ARM.Build.0 = Debug|ARM
		{48C46F4E-41FB-4462-A7B9-3C9970ED207B}.Debug|ARM.Deploy.0 = Debug|ARM
		{48C46F4E-41FB-4462-A7B9-3C9970ED207B}.Debug|iPhone.ActiveCfg = Debug|Any CPU
		{48C46F4E-41FB-4462-A7B9-3C9970ED207B}.Debug|iPhoneSimulator.ActiveCfg = Debug|Any CPU
		{48C46F4E-41FB-4462-A7B9-3C9970ED207B}.Debug|Mixed Platforms.ActiveCfg = Debug|x86
		{48C46F4E-41FB-4462-A7B9-3C9970ED207B}.Debug|Mixed Platforms.Build.0 = Debug|x86
		{48C46F4E-41FB-4462-A7B9-3C9970ED207B}.Debug|Mixed Platforms.Deploy.0 = Debug|x86
		{48C46F4E-41FB-4462-A7B9-3C9970ED207B}.Debug|x86.ActiveCfg = Debug|x86
		{48C46F4E-41FB-4462-A7B9-3C9970ED207B}.Debug|x86.Build.0 = Debug|x86
		{48C46F4E-41FB-4462-A7B9-3C9970ED207B}.Debug|x86.Deploy.0 = Debug|x86
		{48C46F4E-41FB-4462-A7B9-3C9970ED207B}.Release|Any CPU.ActiveCfg = Release|Any CPU
		{48C46F4E-41FB-4462-A7B9-3C9970ED207B}.Release|Any CPU.Build.0 = Release|Any CPU
		{48C46F4E-41FB-4462-A7B9-3C9970ED207B}.Release|Any CPU.Deploy.0 = Release|Any CPU
		{48C46F4E-41FB-4462-A7B9-3C9970ED207B}.Release|ARM.ActiveCfg = Release|ARM
		{48C46F4E-41FB-4462-A7B9-3C9970ED207B}.Release|ARM.Build.0 = Release|ARM
		{48C46F4E-41FB-4462-A7B9-3C9970ED207B}.Release|ARM.Deploy.0 = Release|ARM
		{48C46F4E-41FB-4462-A7B9-3C9970ED207B}.Release|iPhone.ActiveCfg = Release|Any CPU
		{48C46F4E-41FB-4462-A7B9-3C9970ED207B}.Release|iPhoneSimulator.ActiveCfg = Release|Any CPU
		{48C46F4E-41FB-4462-A7B9-3C9970ED207B}.Release|Mixed Platforms.ActiveCfg = Release|x86
		{48C46F4E-41FB-4462-A7B9-3C9970ED207B}.Release|Mixed Platforms.Build.0 = Release|x86
		{48C46F4E-41FB-4462-A7B9-3C9970ED207B}.Release|Mixed Platforms.Deploy.0 = Release|x86
		{48C46F4E-41FB-4462-A7B9-3C9970ED207B}.Release|x86.ActiveCfg = Release|x86
		{48C46F4E-41FB-4462-A7B9-3C9970ED207B}.Release|x86.Build.0 = Release|x86
		{48C46F4E-41FB-4462-A7B9-3C9970ED207B}.Release|x86.Deploy.0 = Release|x86
		{C30B5BDF-0031-4D88-AF39-4CAA2B48A2DC}.Ad-Hoc|Any CPU.ActiveCfg = Release|Any CPU
		{C30B5BDF-0031-4D88-AF39-4CAA2B48A2DC}.Ad-Hoc|Any CPU.Build.0 = Release|Any CPU
		{C30B5BDF-0031-4D88-AF39-4CAA2B48A2DC}.Ad-Hoc|ARM.ActiveCfg = Debug|Any CPU
		{C30B5BDF-0031-4D88-AF39-4CAA2B48A2DC}.Ad-Hoc|iPhone.ActiveCfg = Release|Any CPU
		{C30B5BDF-0031-4D88-AF39-4CAA2B48A2DC}.Ad-Hoc|iPhone.Build.0 = Release|Any CPU
		{C30B5BDF-0031-4D88-AF39-4CAA2B48A2DC}.Ad-Hoc|iPhoneSimulator.ActiveCfg = Release|Any CPU
		{C30B5BDF-0031-4D88-AF39-4CAA2B48A2DC}.Ad-Hoc|iPhoneSimulator.Build.0 = Release|Any CPU
		{C30B5BDF-0031-4D88-AF39-4CAA2B48A2DC}.Ad-Hoc|Mixed Platforms.ActiveCfg = Debug|Any CPU
		{C30B5BDF-0031-4D88-AF39-4CAA2B48A2DC}.Ad-Hoc|Mixed Platforms.Build.0 = Debug|Any CPU
		{C30B5BDF-0031-4D88-AF39-4CAA2B48A2DC}.Ad-Hoc|x86.ActiveCfg = Debug|Any CPU
		{C30B5BDF-0031-4D88-AF39-4CAA2B48A2DC}.AppStore|Any CPU.ActiveCfg = Release|Any CPU
		{C30B5BDF-0031-4D88-AF39-4CAA2B48A2DC}.AppStore|Any CPU.Build.0 = Release|Any CPU
		{C30B5BDF-0031-4D88-AF39-4CAA2B48A2DC}.AppStore|ARM.ActiveCfg = Debug|Any CPU
		{C30B5BDF-0031-4D88-AF39-4CAA2B48A2DC}.AppStore|iPhone.ActiveCfg = Release|Any CPU
		{C30B5BDF-0031-4D88-AF39-4CAA2B48A2DC}.AppStore|iPhone.Build.0 = Release|Any CPU
		{C30B5BDF-0031-4D88-AF39-4CAA2B48A2DC}.AppStore|iPhoneSimulator.ActiveCfg = Release|Any CPU
		{C30B5BDF-0031-4D88-AF39-4CAA2B48A2DC}.AppStore|iPhoneSimulator.Build.0 = Release|Any CPU
		{C30B5BDF-0031-4D88-AF39-4CAA2B48A2DC}.AppStore|Mixed Platforms.ActiveCfg = Debug|Any CPU
		{C30B5BDF-0031-4D88-AF39-4CAA2B48A2DC}.AppStore|Mixed Platforms.Build.0 = Debug|Any CPU
		{C30B5BDF-0031-4D88-AF39-4CAA2B48A2DC}.AppStore|x86.ActiveCfg = Debug|Any CPU
		{C30B5BDF-0031-4D88-AF39-4CAA2B48A2DC}.Debug|Any CPU.ActiveCfg = Debug|Any CPU
		{C30B5BDF-0031-4D88-AF39-4CAA2B48A2DC}.Debug|Any CPU.Build.0 = Debug|Any CPU
		{C30B5BDF-0031-4D88-AF39-4CAA2B48A2DC}.Debug|ARM.ActiveCfg = Debug|Any CPU
		{C30B5BDF-0031-4D88-AF39-4CAA2B48A2DC}.Debug|iPhone.ActiveCfg = Debug|Any CPU
		{C30B5BDF-0031-4D88-AF39-4CAA2B48A2DC}.Debug|iPhone.Build.0 = Debug|Any CPU
		{C30B5BDF-0031-4D88-AF39-4CAA2B48A2DC}.Debug|iPhoneSimulator.ActiveCfg = Debug|Any CPU
		{C30B5BDF-0031-4D88-AF39-4CAA2B48A2DC}.Debug|iPhoneSimulator.Build.0 = Debug|Any CPU
		{C30B5BDF-0031-4D88-AF39-4CAA2B48A2DC}.Debug|Mixed Platforms.ActiveCfg = Debug|Any CPU
		{C30B5BDF-0031-4D88-AF39-4CAA2B48A2DC}.Debug|Mixed Platforms.Build.0 = Debug|Any CPU
		{C30B5BDF-0031-4D88-AF39-4CAA2B48A2DC}.Debug|x86.ActiveCfg = Debug|Any CPU
		{C30B5BDF-0031-4D88-AF39-4CAA2B48A2DC}.Release|Any CPU.ActiveCfg = Release|Any CPU
		{C30B5BDF-0031-4D88-AF39-4CAA2B48A2DC}.Release|Any CPU.Build.0 = Release|Any CPU
		{C30B5BDF-0031-4D88-AF39-4CAA2B48A2DC}.Release|ARM.ActiveCfg = Release|Any CPU
		{C30B5BDF-0031-4D88-AF39-4CAA2B48A2DC}.Release|iPhone.ActiveCfg = Release|Any CPU
		{C30B5BDF-0031-4D88-AF39-4CAA2B48A2DC}.Release|iPhone.Build.0 = Release|Any CPU
		{C30B5BDF-0031-4D88-AF39-4CAA2B48A2DC}.Release|iPhoneSimulator.ActiveCfg = Release|Any CPU
		{C30B5BDF-0031-4D88-AF39-4CAA2B48A2DC}.Release|iPhoneSimulator.Build.0 = Release|Any CPU
		{C30B5BDF-0031-4D88-AF39-4CAA2B48A2DC}.Release|Mixed Platforms.ActiveCfg = Release|Any CPU
		{C30B5BDF-0031-4D88-AF39-4CAA2B48A2DC}.Release|Mixed Platforms.Build.0 = Release|Any CPU
		{C30B5BDF-0031-4D88-AF39-4CAA2B48A2DC}.Release|x86.ActiveCfg = Release|Any CPU
		{C770EFB9-9693-40DD-A34C-FE4A541B4EB5}.Ad-Hoc|Any CPU.ActiveCfg = Ad-Hoc|iPhone
		{C770EFB9-9693-40DD-A34C-FE4A541B4EB5}.Ad-Hoc|ARM.ActiveCfg = Ad-Hoc|iPhoneSimulator
		{C770EFB9-9693-40DD-A34C-FE4A541B4EB5}.Ad-Hoc|iPhone.ActiveCfg = Ad-Hoc|iPhone
		{C770EFB9-9693-40DD-A34C-FE4A541B4EB5}.Ad-Hoc|iPhone.Build.0 = Ad-Hoc|iPhone
		{C770EFB9-9693-40DD-A34C-FE4A541B4EB5}.Ad-Hoc|iPhoneSimulator.ActiveCfg = Ad-Hoc|iPhone
		{C770EFB9-9693-40DD-A34C-FE4A541B4EB5}.Ad-Hoc|Mixed Platforms.ActiveCfg = Ad-Hoc|iPhoneSimulator
		{C770EFB9-9693-40DD-A34C-FE4A541B4EB5}.Ad-Hoc|Mixed Platforms.Build.0 = Ad-Hoc|iPhoneSimulator
		{C770EFB9-9693-40DD-A34C-FE4A541B4EB5}.Ad-Hoc|Mixed Platforms.Deploy.0 = Ad-Hoc|iPhoneSimulator
		{C770EFB9-9693-40DD-A34C-FE4A541B4EB5}.Ad-Hoc|x86.ActiveCfg = Ad-Hoc|iPhoneSimulator
		{C770EFB9-9693-40DD-A34C-FE4A541B4EB5}.AppStore|Any CPU.ActiveCfg = AppStore|iPhone
		{C770EFB9-9693-40DD-A34C-FE4A541B4EB5}.AppStore|ARM.ActiveCfg = AppStore|iPhoneSimulator
		{C770EFB9-9693-40DD-A34C-FE4A541B4EB5}.AppStore|iPhone.ActiveCfg = AppStore|iPhone
		{C770EFB9-9693-40DD-A34C-FE4A541B4EB5}.AppStore|iPhone.Build.0 = AppStore|iPhone
		{C770EFB9-9693-40DD-A34C-FE4A541B4EB5}.AppStore|iPhoneSimulator.ActiveCfg = AppStore|iPhone
		{C770EFB9-9693-40DD-A34C-FE4A541B4EB5}.AppStore|Mixed Platforms.ActiveCfg = AppStore|iPhoneSimulator
		{C770EFB9-9693-40DD-A34C-FE4A541B4EB5}.AppStore|Mixed Platforms.Build.0 = AppStore|iPhoneSimulator
		{C770EFB9-9693-40DD-A34C-FE4A541B4EB5}.AppStore|Mixed Platforms.Deploy.0 = AppStore|iPhoneSimulator
		{C770EFB9-9693-40DD-A34C-FE4A541B4EB5}.AppStore|x86.ActiveCfg = AppStore|iPhoneSimulator
		{C770EFB9-9693-40DD-A34C-FE4A541B4EB5}.Debug|Any CPU.ActiveCfg = Debug|iPhoneSimulator
		{C770EFB9-9693-40DD-A34C-FE4A541B4EB5}.Debug|Any CPU.Build.0 = Debug|iPhoneSimulator
		{C770EFB9-9693-40DD-A34C-FE4A541B4EB5}.Debug|ARM.ActiveCfg = Debug|iPhone
		{C770EFB9-9693-40DD-A34C-FE4A541B4EB5}.Debug|iPhone.ActiveCfg = Debug|iPhone
		{C770EFB9-9693-40DD-A34C-FE4A541B4EB5}.Debug|iPhone.Build.0 = Debug|iPhone
		{C770EFB9-9693-40DD-A34C-FE4A541B4EB5}.Debug|iPhoneSimulator.ActiveCfg = Debug|iPhoneSimulator
		{C770EFB9-9693-40DD-A34C-FE4A541B4EB5}.Debug|iPhoneSimulator.Build.0 = Debug|iPhoneSimulator
		{C770EFB9-9693-40DD-A34C-FE4A541B4EB5}.Debug|Mixed Platforms.ActiveCfg = Debug|iPhone
		{C770EFB9-9693-40DD-A34C-FE4A541B4EB5}.Debug|Mixed Platforms.Build.0 = Debug|iPhone
		{C770EFB9-9693-40DD-A34C-FE4A541B4EB5}.Debug|Mixed Platforms.Deploy.0 = Debug|iPhone
		{C770EFB9-9693-40DD-A34C-FE4A541B4EB5}.Debug|x86.ActiveCfg = Debug|iPhone
		{C770EFB9-9693-40DD-A34C-FE4A541B4EB5}.Release|Any CPU.ActiveCfg = Release|iPhoneSimulator
		{C770EFB9-9693-40DD-A34C-FE4A541B4EB5}.Release|Any CPU.Build.0 = Release|iPhoneSimulator
		{C770EFB9-9693-40DD-A34C-FE4A541B4EB5}.Release|ARM.ActiveCfg = Release|iPhone
		{C770EFB9-9693-40DD-A34C-FE4A541B4EB5}.Release|iPhone.ActiveCfg = Release|iPhone
		{C770EFB9-9693-40DD-A34C-FE4A541B4EB5}.Release|iPhone.Build.0 = Release|iPhone
		{C770EFB9-9693-40DD-A34C-FE4A541B4EB5}.Release|iPhoneSimulator.ActiveCfg = Release|iPhoneSimulator
		{C770EFB9-9693-40DD-A34C-FE4A541B4EB5}.Release|iPhoneSimulator.Build.0 = Release|iPhoneSimulator
		{C770EFB9-9693-40DD-A34C-FE4A541B4EB5}.Release|Mixed Platforms.ActiveCfg = Release|iPhone
		{C770EFB9-9693-40DD-A34C-FE4A541B4EB5}.Release|Mixed Platforms.Build.0 = Release|iPhone
		{C770EFB9-9693-40DD-A34C-FE4A541B4EB5}.Release|Mixed Platforms.Deploy.0 = Release|iPhone
		{C770EFB9-9693-40DD-A34C-FE4A541B4EB5}.Release|x86.ActiveCfg = Release|iPhone
		{CAC6A101-C21B-4641-84ED-B24F40F213FA}.Ad-Hoc|Any CPU.ActiveCfg = Release|Any CPU
		{CAC6A101-C21B-4641-84ED-B24F40F213FA}.Ad-Hoc|Any CPU.Build.0 = Release|Any CPU
		{CAC6A101-C21B-4641-84ED-B24F40F213FA}.Ad-Hoc|ARM.ActiveCfg = Release|ARM
		{CAC6A101-C21B-4641-84ED-B24F40F213FA}.Ad-Hoc|ARM.Build.0 = Release|ARM
		{CAC6A101-C21B-4641-84ED-B24F40F213FA}.Ad-Hoc|iPhone.ActiveCfg = Release|Any CPU
		{CAC6A101-C21B-4641-84ED-B24F40F213FA}.Ad-Hoc|iPhoneSimulator.ActiveCfg = Release|Any CPU
		{CAC6A101-C21B-4641-84ED-B24F40F213FA}.Ad-Hoc|Mixed Platforms.ActiveCfg = Release|x86
		{CAC6A101-C21B-4641-84ED-B24F40F213FA}.Ad-Hoc|Mixed Platforms.Build.0 = Release|x86
		{CAC6A101-C21B-4641-84ED-B24F40F213FA}.Ad-Hoc|x86.ActiveCfg = Release|x86
		{CAC6A101-C21B-4641-84ED-B24F40F213FA}.Ad-Hoc|x86.Build.0 = Release|x86
		{CAC6A101-C21B-4641-84ED-B24F40F213FA}.AppStore|Any CPU.ActiveCfg = Release|Any CPU
		{CAC6A101-C21B-4641-84ED-B24F40F213FA}.AppStore|Any CPU.Build.0 = Release|Any CPU
		{CAC6A101-C21B-4641-84ED-B24F40F213FA}.AppStore|ARM.ActiveCfg = Release|ARM
		{CAC6A101-C21B-4641-84ED-B24F40F213FA}.AppStore|ARM.Build.0 = Release|ARM
		{CAC6A101-C21B-4641-84ED-B24F40F213FA}.AppStore|iPhone.ActiveCfg = Release|Any CPU
		{CAC6A101-C21B-4641-84ED-B24F40F213FA}.AppStore|iPhoneSimulator.ActiveCfg = Release|Any CPU
		{CAC6A101-C21B-4641-84ED-B24F40F213FA}.AppStore|Mixed Platforms.ActiveCfg = Release|x86
		{CAC6A101-C21B-4641-84ED-B24F40F213FA}.AppStore|Mixed Platforms.Build.0 = Release|x86
		{CAC6A101-C21B-4641-84ED-B24F40F213FA}.AppStore|x86.ActiveCfg = Release|x86
		{CAC6A101-C21B-4641-84ED-B24F40F213FA}.AppStore|x86.Build.0 = Release|x86
		{CAC6A101-C21B-4641-84ED-B24F40F213FA}.Debug|Any CPU.ActiveCfg = Debug|Any CPU
		{CAC6A101-C21B-4641-84ED-B24F40F213FA}.Debug|Any CPU.Build.0 = Debug|Any CPU
		{CAC6A101-C21B-4641-84ED-B24F40F213FA}.Debug|ARM.ActiveCfg = Debug|ARM
		{CAC6A101-C21B-4641-84ED-B24F40F213FA}.Debug|ARM.Build.0 = Debug|ARM
		{CAC6A101-C21B-4641-84ED-B24F40F213FA}.Debug|iPhone.ActiveCfg = Debug|Any CPU
		{CAC6A101-C21B-4641-84ED-B24F40F213FA}.Debug|iPhoneSimulator.ActiveCfg = Debug|Any CPU
		{CAC6A101-C21B-4641-84ED-B24F40F213FA}.Debug|Mixed Platforms.ActiveCfg = Debug|x86
		{CAC6A101-C21B-4641-84ED-B24F40F213FA}.Debug|Mixed Platforms.Build.0 = Debug|x86
		{CAC6A101-C21B-4641-84ED-B24F40F213FA}.Debug|x86.ActiveCfg = Debug|x86
		{CAC6A101-C21B-4641-84ED-B24F40F213FA}.Debug|x86.Build.0 = Debug|x86
		{CAC6A101-C21B-4641-84ED-B24F40F213FA}.Release|Any CPU.ActiveCfg = Release|Any CPU
		{CAC6A101-C21B-4641-84ED-B24F40F213FA}.Release|Any CPU.Build.0 = Release|Any CPU
		{CAC6A101-C21B-4641-84ED-B24F40F213FA}.Release|ARM.ActiveCfg = Release|ARM
		{CAC6A101-C21B-4641-84ED-B24F40F213FA}.Release|ARM.Build.0 = Release|ARM
		{CAC6A101-C21B-4641-84ED-B24F40F213FA}.Release|iPhone.ActiveCfg = Release|Any CPU
		{CAC6A101-C21B-4641-84ED-B24F40F213FA}.Release|iPhoneSimulator.ActiveCfg = Release|Any CPU
		{CAC6A101-C21B-4641-84ED-B24F40F213FA}.Release|Mixed Platforms.ActiveCfg = Release|x86
		{CAC6A101-C21B-4641-84ED-B24F40F213FA}.Release|Mixed Platforms.Build.0 = Release|x86
		{CAC6A101-C21B-4641-84ED-B24F40F213FA}.Release|x86.ActiveCfg = Release|x86
		{CAC6A101-C21B-4641-84ED-B24F40F213FA}.Release|x86.Build.0 = Release|x86
		{CBF65A2E-F9EF-415F-8FA7-907D93330A84}.Ad-Hoc|Any CPU.ActiveCfg = Release|Any CPU
		{CBF65A2E-F9EF-415F-8FA7-907D93330A84}.Ad-Hoc|ARM.ActiveCfg = Debug|Any CPU
		{CBF65A2E-F9EF-415F-8FA7-907D93330A84}.Ad-Hoc|iPhone.ActiveCfg = Debug|Any CPU
		{CBF65A2E-F9EF-415F-8FA7-907D93330A84}.Ad-Hoc|iPhone.Build.0 = Debug|Any CPU
		{CBF65A2E-F9EF-415F-8FA7-907D93330A84}.Ad-Hoc|iPhoneSimulator.ActiveCfg = Release|Any CPU
		{CBF65A2E-F9EF-415F-8FA7-907D93330A84}.Ad-Hoc|Mixed Platforms.ActiveCfg = Debug|Any CPU
		{CBF65A2E-F9EF-415F-8FA7-907D93330A84}.Ad-Hoc|Mixed Platforms.Build.0 = Debug|Any CPU
		{CBF65A2E-F9EF-415F-8FA7-907D93330A84}.Ad-Hoc|x86.ActiveCfg = Debug|Any CPU
		{CBF65A2E-F9EF-415F-8FA7-907D93330A84}.AppStore|Any CPU.ActiveCfg = Release|Any CPU
		{CBF65A2E-F9EF-415F-8FA7-907D93330A84}.AppStore|ARM.ActiveCfg = Debug|Any CPU
		{CBF65A2E-F9EF-415F-8FA7-907D93330A84}.AppStore|iPhone.ActiveCfg = Debug|Any CPU
		{CBF65A2E-F9EF-415F-8FA7-907D93330A84}.AppStore|iPhone.Build.0 = Debug|Any CPU
		{CBF65A2E-F9EF-415F-8FA7-907D93330A84}.AppStore|iPhoneSimulator.ActiveCfg = Release|Any CPU
		{CBF65A2E-F9EF-415F-8FA7-907D93330A84}.AppStore|Mixed Platforms.ActiveCfg = Debug|Any CPU
		{CBF65A2E-F9EF-415F-8FA7-907D93330A84}.AppStore|Mixed Platforms.Build.0 = Debug|Any CPU
		{CBF65A2E-F9EF-415F-8FA7-907D93330A84}.AppStore|x86.ActiveCfg = Debug|Any CPU
		{CBF65A2E-F9EF-415F-8FA7-907D93330A84}.Debug|Any CPU.ActiveCfg = Debug|Any CPU
		{CBF65A2E-F9EF-415F-8FA7-907D93330A84}.Debug|Any CPU.Build.0 = Debug|Any CPU
		{CBF65A2E-F9EF-415F-8FA7-907D93330A84}.Debug|ARM.ActiveCfg = Debug|Any CPU
		{CBF65A2E-F9EF-415F-8FA7-907D93330A84}.Debug|iPhone.ActiveCfg = Debug|Any CPU
		{CBF65A2E-F9EF-415F-8FA7-907D93330A84}.Debug|iPhone.Build.0 = Debug|Any CPU
		{CBF65A2E-F9EF-415F-8FA7-907D93330A84}.Debug|iPhoneSimulator.ActiveCfg = Debug|Any CPU
		{CBF65A2E-F9EF-415F-8FA7-907D93330A84}.Debug|iPhoneSimulator.Build.0 = Debug|Any CPU
		{CBF65A2E-F9EF-415F-8FA7-907D93330A84}.Debug|Mixed Platforms.ActiveCfg = Debug|Any CPU
		{CBF65A2E-F9EF-415F-8FA7-907D93330A84}.Debug|Mixed Platforms.Build.0 = Debug|Any CPU
		{CBF65A2E-F9EF-415F-8FA7-907D93330A84}.Debug|x86.ActiveCfg = Debug|Any CPU
		{CBF65A2E-F9EF-415F-8FA7-907D93330A84}.Release|Any CPU.ActiveCfg = Release|Any CPU
		{CBF65A2E-F9EF-415F-8FA7-907D93330A84}.Release|Any CPU.Build.0 = Release|Any CPU
		{CBF65A2E-F9EF-415F-8FA7-907D93330A84}.Release|ARM.ActiveCfg = Release|Any CPU
		{CBF65A2E-F9EF-415F-8FA7-907D93330A84}.Release|iPhone.ActiveCfg = Release|Any CPU
		{CBF65A2E-F9EF-415F-8FA7-907D93330A84}.Release|iPhone.Build.0 = Release|Any CPU
		{CBF65A2E-F9EF-415F-8FA7-907D93330A84}.Release|iPhoneSimulator.ActiveCfg = Release|Any CPU
		{CBF65A2E-F9EF-415F-8FA7-907D93330A84}.Release|iPhoneSimulator.Build.0 = Release|Any CPU
		{CBF65A2E-F9EF-415F-8FA7-907D93330A84}.Release|Mixed Platforms.ActiveCfg = Release|Any CPU
		{CBF65A2E-F9EF-415F-8FA7-907D93330A84}.Release|Mixed Platforms.Build.0 = Release|Any CPU
		{CBF65A2E-F9EF-415F-8FA7-907D93330A84}.Release|x86.ActiveCfg = Release|Any CPU
		{CDF5610A-C087-4DFA-BCAD-F53392D7E917}.Ad-Hoc|Any CPU.ActiveCfg = Debug|Any CPU
		{CDF5610A-C087-4DFA-BCAD-F53392D7E917}.Ad-Hoc|ARM.ActiveCfg = Release|Any CPU
		{CDF5610A-C087-4DFA-BCAD-F53392D7E917}.Ad-Hoc|iPhone.ActiveCfg = Release|Any CPU
		{CDF5610A-C087-4DFA-BCAD-F53392D7E917}.Ad-Hoc|iPhone.Build.0 = Release|Any CPU
		{CDF5610A-C087-4DFA-BCAD-F53392D7E917}.Ad-Hoc|iPhoneSimulator.ActiveCfg = Debug|Any CPU
		{CDF5610A-C087-4DFA-BCAD-F53392D7E917}.Ad-Hoc|Mixed Platforms.ActiveCfg = Release|Any CPU
		{CDF5610A-C087-4DFA-BCAD-F53392D7E917}.Ad-Hoc|Mixed Platforms.Build.0 = Release|Any CPU
		{CDF5610A-C087-4DFA-BCAD-F53392D7E917}.Ad-Hoc|x86.ActiveCfg = Release|Any CPU
		{CDF5610A-C087-4DFA-BCAD-F53392D7E917}.AppStore|Any CPU.ActiveCfg = Debug|Any CPU
		{CDF5610A-C087-4DFA-BCAD-F53392D7E917}.AppStore|ARM.ActiveCfg = Release|Any CPU
		{CDF5610A-C087-4DFA-BCAD-F53392D7E917}.AppStore|iPhone.ActiveCfg = Release|Any CPU
		{CDF5610A-C087-4DFA-BCAD-F53392D7E917}.AppStore|iPhone.Build.0 = Release|Any CPU
		{CDF5610A-C087-4DFA-BCAD-F53392D7E917}.AppStore|iPhoneSimulator.ActiveCfg = Debug|Any CPU
		{CDF5610A-C087-4DFA-BCAD-F53392D7E917}.AppStore|Mixed Platforms.ActiveCfg = Release|Any CPU
		{CDF5610A-C087-4DFA-BCAD-F53392D7E917}.AppStore|Mixed Platforms.Build.0 = Release|Any CPU
		{CDF5610A-C087-4DFA-BCAD-F53392D7E917}.AppStore|x86.ActiveCfg = Release|Any CPU
		{CDF5610A-C087-4DFA-BCAD-F53392D7E917}.Debug|Any CPU.ActiveCfg = Debug|Any CPU
		{CDF5610A-C087-4DFA-BCAD-F53392D7E917}.Debug|Any CPU.Build.0 = Debug|Any CPU
		{CDF5610A-C087-4DFA-BCAD-F53392D7E917}.Debug|ARM.ActiveCfg = Debug|Any CPU
		{CDF5610A-C087-4DFA-BCAD-F53392D7E917}.Debug|iPhone.ActiveCfg = Debug|Any CPU
		{CDF5610A-C087-4DFA-BCAD-F53392D7E917}.Debug|iPhone.Build.0 = Debug|Any CPU
		{CDF5610A-C087-4DFA-BCAD-F53392D7E917}.Debug|iPhoneSimulator.ActiveCfg = Debug|Any CPU
		{CDF5610A-C087-4DFA-BCAD-F53392D7E917}.Debug|iPhoneSimulator.Build.0 = Debug|Any CPU
		{CDF5610A-C087-4DFA-BCAD-F53392D7E917}.Debug|Mixed Platforms.ActiveCfg = Debug|Any CPU
		{CDF5610A-C087-4DFA-BCAD-F53392D7E917}.Debug|Mixed Platforms.Build.0 = Debug|Any CPU
		{CDF5610A-C087-4DFA-BCAD-F53392D7E917}.Debug|x86.ActiveCfg = Debug|Any CPU
		{CDF5610A-C087-4DFA-BCAD-F53392D7E917}.Release|Any CPU.ActiveCfg = Release|Any CPU
		{CDF5610A-C087-4DFA-BCAD-F53392D7E917}.Release|Any CPU.Build.0 = Release|Any CPU
		{CDF5610A-C087-4DFA-BCAD-F53392D7E917}.Release|ARM.ActiveCfg = Release|Any CPU
		{CDF5610A-C087-4DFA-BCAD-F53392D7E917}.Release|iPhone.ActiveCfg = Release|Any CPU
		{CDF5610A-C087-4DFA-BCAD-F53392D7E917}.Release|iPhone.Build.0 = Release|Any CPU
		{CDF5610A-C087-4DFA-BCAD-F53392D7E917}.Release|iPhoneSimulator.ActiveCfg = Release|Any CPU
		{CDF5610A-C087-4DFA-BCAD-F53392D7E917}.Release|iPhoneSimulator.Build.0 = Release|Any CPU
		{CDF5610A-C087-4DFA-BCAD-F53392D7E917}.Release|Mixed Platforms.ActiveCfg = Release|Any CPU
		{CDF5610A-C087-4DFA-BCAD-F53392D7E917}.Release|Mixed Platforms.Build.0 = Release|Any CPU
		{CDF5610A-C087-4DFA-BCAD-F53392D7E917}.Release|x86.ActiveCfg = Release|Any CPU
		{D6FDA480-F476-4830-8837-6F5EA9360642}.Ad-Hoc|Any CPU.ActiveCfg = Release|Any CPU
		{D6FDA480-F476-4830-8837-6F5EA9360642}.Ad-Hoc|Any CPU.Build.0 = Release|Any CPU
		{D6FDA480-F476-4830-8837-6F5EA9360642}.Ad-Hoc|ARM.ActiveCfg = Debug|Any CPU
		{D6FDA480-F476-4830-8837-6F5EA9360642}.Ad-Hoc|iPhone.ActiveCfg = Release|Any CPU
		{D6FDA480-F476-4830-8837-6F5EA9360642}.Ad-Hoc|iPhone.Build.0 = Release|Any CPU
		{D6FDA480-F476-4830-8837-6F5EA9360642}.Ad-Hoc|iPhoneSimulator.ActiveCfg = Release|Any CPU
		{D6FDA480-F476-4830-8837-6F5EA9360642}.Ad-Hoc|iPhoneSimulator.Build.0 = Release|Any CPU
		{D6FDA480-F476-4830-8837-6F5EA9360642}.Ad-Hoc|Mixed Platforms.ActiveCfg = Debug|Any CPU
		{D6FDA480-F476-4830-8837-6F5EA9360642}.Ad-Hoc|Mixed Platforms.Build.0 = Debug|Any CPU
		{D6FDA480-F476-4830-8837-6F5EA9360642}.Ad-Hoc|Mixed Platforms.Deploy.0 = Debug|Any CPU
		{D6FDA480-F476-4830-8837-6F5EA9360642}.Ad-Hoc|x86.ActiveCfg = Debug|Any CPU
		{D6FDA480-F476-4830-8837-6F5EA9360642}.AppStore|Any CPU.ActiveCfg = Release|Any CPU
		{D6FDA480-F476-4830-8837-6F5EA9360642}.AppStore|Any CPU.Build.0 = Release|Any CPU
		{D6FDA480-F476-4830-8837-6F5EA9360642}.AppStore|ARM.ActiveCfg = Debug|Any CPU
		{D6FDA480-F476-4830-8837-6F5EA9360642}.AppStore|iPhone.ActiveCfg = Release|Any CPU
		{D6FDA480-F476-4830-8837-6F5EA9360642}.AppStore|iPhone.Build.0 = Release|Any CPU
		{D6FDA480-F476-4830-8837-6F5EA9360642}.AppStore|iPhoneSimulator.ActiveCfg = Release|Any CPU
		{D6FDA480-F476-4830-8837-6F5EA9360642}.AppStore|iPhoneSimulator.Build.0 = Release|Any CPU
		{D6FDA480-F476-4830-8837-6F5EA9360642}.AppStore|Mixed Platforms.ActiveCfg = Debug|Any CPU
		{D6FDA480-F476-4830-8837-6F5EA9360642}.AppStore|Mixed Platforms.Build.0 = Debug|Any CPU
		{D6FDA480-F476-4830-8837-6F5EA9360642}.AppStore|Mixed Platforms.Deploy.0 = Debug|Any CPU
		{D6FDA480-F476-4830-8837-6F5EA9360642}.AppStore|x86.ActiveCfg = Debug|Any CPU
		{D6FDA480-F476-4830-8837-6F5EA9360642}.Debug|Any CPU.ActiveCfg = Debug|Any CPU
		{D6FDA480-F476-4830-8837-6F5EA9360642}.Debug|Any CPU.Build.0 = Debug|Any CPU
		{D6FDA480-F476-4830-8837-6F5EA9360642}.Debug|ARM.ActiveCfg = Debug|Any CPU
		{D6FDA480-F476-4830-8837-6F5EA9360642}.Debug|iPhone.ActiveCfg = Debug|Any CPU
		{D6FDA480-F476-4830-8837-6F5EA9360642}.Debug|iPhone.Build.0 = Debug|Any CPU
		{D6FDA480-F476-4830-8837-6F5EA9360642}.Debug|iPhoneSimulator.ActiveCfg = Debug|Any CPU
		{D6FDA480-F476-4830-8837-6F5EA9360642}.Debug|iPhoneSimulator.Build.0 = Debug|Any CPU
		{D6FDA480-F476-4830-8837-6F5EA9360642}.Debug|Mixed Platforms.ActiveCfg = Debug|Any CPU
		{D6FDA480-F476-4830-8837-6F5EA9360642}.Debug|Mixed Platforms.Build.0 = Debug|Any CPU
		{D6FDA480-F476-4830-8837-6F5EA9360642}.Debug|Mixed Platforms.Deploy.0 = Debug|Any CPU
		{D6FDA480-F476-4830-8837-6F5EA9360642}.Debug|x86.ActiveCfg = Debug|Any CPU
		{D6FDA480-F476-4830-8837-6F5EA9360642}.Release|Any CPU.ActiveCfg = Release|Any CPU
		{D6FDA480-F476-4830-8837-6F5EA9360642}.Release|Any CPU.Build.0 = Release|Any CPU
		{D6FDA480-F476-4830-8837-6F5EA9360642}.Release|ARM.ActiveCfg = Release|Any CPU
		{D6FDA480-F476-4830-8837-6F5EA9360642}.Release|iPhone.ActiveCfg = Release|Any CPU
		{D6FDA480-F476-4830-8837-6F5EA9360642}.Release|iPhone.Build.0 = Release|Any CPU
		{D6FDA480-F476-4830-8837-6F5EA9360642}.Release|iPhoneSimulator.ActiveCfg = Release|Any CPU
		{D6FDA480-F476-4830-8837-6F5EA9360642}.Release|iPhoneSimulator.Build.0 = Release|Any CPU
		{D6FDA480-F476-4830-8837-6F5EA9360642}.Release|Mixed Platforms.ActiveCfg = Release|Any CPU
		{D6FDA480-F476-4830-8837-6F5EA9360642}.Release|Mixed Platforms.Build.0 = Release|Any CPU
		{D6FDA480-F476-4830-8837-6F5EA9360642}.Release|Mixed Platforms.Deploy.0 = Release|Any CPU
		{D6FDA480-F476-4830-8837-6F5EA9360642}.Release|x86.ActiveCfg = Release|Any CPU
		{62B29EAB-3309-416A-8F33-23CDC695FADA}.Ad-Hoc|Any CPU.ActiveCfg = Release|Any CPU
		{62B29EAB-3309-416A-8F33-23CDC695FADA}.Ad-Hoc|Any CPU.Build.0 = Release|Any CPU
		{62B29EAB-3309-416A-8F33-23CDC695FADA}.Ad-Hoc|ARM.ActiveCfg = Debug|Any CPU
		{62B29EAB-3309-416A-8F33-23CDC695FADA}.Ad-Hoc|ARM.Build.0 = Debug|Any CPU
		{62B29EAB-3309-416A-8F33-23CDC695FADA}.Ad-Hoc|iPhone.ActiveCfg = Release|Any CPU
		{62B29EAB-3309-416A-8F33-23CDC695FADA}.Ad-Hoc|iPhone.Build.0 = Release|Any CPU
		{62B29EAB-3309-416A-8F33-23CDC695FADA}.Ad-Hoc|iPhoneSimulator.ActiveCfg = Release|Any CPU
		{62B29EAB-3309-416A-8F33-23CDC695FADA}.Ad-Hoc|iPhoneSimulator.Build.0 = Release|Any CPU
		{62B29EAB-3309-416A-8F33-23CDC695FADA}.Ad-Hoc|Mixed Platforms.ActiveCfg = Debug|Any CPU
		{62B29EAB-3309-416A-8F33-23CDC695FADA}.Ad-Hoc|Mixed Platforms.Build.0 = Debug|Any CPU
		{62B29EAB-3309-416A-8F33-23CDC695FADA}.Ad-Hoc|x86.ActiveCfg = Debug|Any CPU
		{62B29EAB-3309-416A-8F33-23CDC695FADA}.Ad-Hoc|x86.Build.0 = Debug|Any CPU
		{62B29EAB-3309-416A-8F33-23CDC695FADA}.AppStore|Any CPU.ActiveCfg = Release|Any CPU
		{62B29EAB-3309-416A-8F33-23CDC695FADA}.AppStore|Any CPU.Build.0 = Release|Any CPU
		{62B29EAB-3309-416A-8F33-23CDC695FADA}.AppStore|ARM.ActiveCfg = Debug|Any CPU
		{62B29EAB-3309-416A-8F33-23CDC695FADA}.AppStore|ARM.Build.0 = Debug|Any CPU
		{62B29EAB-3309-416A-8F33-23CDC695FADA}.AppStore|iPhone.ActiveCfg = Release|Any CPU
		{62B29EAB-3309-416A-8F33-23CDC695FADA}.AppStore|iPhone.Build.0 = Release|Any CPU
		{62B29EAB-3309-416A-8F33-23CDC695FADA}.AppStore|iPhoneSimulator.ActiveCfg = Release|Any CPU
		{62B29EAB-3309-416A-8F33-23CDC695FADA}.AppStore|iPhoneSimulator.Build.0 = Release|Any CPU
		{62B29EAB-3309-416A-8F33-23CDC695FADA}.AppStore|Mixed Platforms.ActiveCfg = Debug|Any CPU
		{62B29EAB-3309-416A-8F33-23CDC695FADA}.AppStore|Mixed Platforms.Build.0 = Debug|Any CPU
		{62B29EAB-3309-416A-8F33-23CDC695FADA}.AppStore|x86.ActiveCfg = Debug|Any CPU
		{62B29EAB-3309-416A-8F33-23CDC695FADA}.AppStore|x86.Build.0 = Debug|Any CPU
		{62B29EAB-3309-416A-8F33-23CDC695FADA}.Debug|Any CPU.ActiveCfg = Debug|Any CPU
		{62B29EAB-3309-416A-8F33-23CDC695FADA}.Debug|Any CPU.Build.0 = Debug|Any CPU
		{62B29EAB-3309-416A-8F33-23CDC695FADA}.Debug|ARM.ActiveCfg = Debug|Any CPU
		{62B29EAB-3309-416A-8F33-23CDC695FADA}.Debug|ARM.Build.0 = Debug|Any CPU
		{62B29EAB-3309-416A-8F33-23CDC695FADA}.Debug|iPhone.ActiveCfg = Debug|Any CPU
		{62B29EAB-3309-416A-8F33-23CDC695FADA}.Debug|iPhone.Build.0 = Debug|Any CPU
		{62B29EAB-3309-416A-8F33-23CDC695FADA}.Debug|iPhoneSimulator.ActiveCfg = Debug|Any CPU
		{62B29EAB-3309-416A-8F33-23CDC695FADA}.Debug|iPhoneSimulator.Build.0 = Debug|Any CPU
		{62B29EAB-3309-416A-8F33-23CDC695FADA}.Debug|Mixed Platforms.ActiveCfg = Debug|Any CPU
		{62B29EAB-3309-416A-8F33-23CDC695FADA}.Debug|Mixed Platforms.Build.0 = Debug|Any CPU
		{62B29EAB-3309-416A-8F33-23CDC695FADA}.Debug|x86.ActiveCfg = Debug|Any CPU
		{62B29EAB-3309-416A-8F33-23CDC695FADA}.Debug|x86.Build.0 = Debug|Any CPU
		{62B29EAB-3309-416A-8F33-23CDC695FADA}.Release|Any CPU.ActiveCfg = Release|Any CPU
		{62B29EAB-3309-416A-8F33-23CDC695FADA}.Release|Any CPU.Build.0 = Release|Any CPU
		{62B29EAB-3309-416A-8F33-23CDC695FADA}.Release|ARM.ActiveCfg = Release|Any CPU
		{62B29EAB-3309-416A-8F33-23CDC695FADA}.Release|ARM.Build.0 = Release|Any CPU
		{62B29EAB-3309-416A-8F33-23CDC695FADA}.Release|iPhone.ActiveCfg = Release|Any CPU
		{62B29EAB-3309-416A-8F33-23CDC695FADA}.Release|iPhone.Build.0 = Release|Any CPU
		{62B29EAB-3309-416A-8F33-23CDC695FADA}.Release|iPhoneSimulator.ActiveCfg = Release|Any CPU
		{62B29EAB-3309-416A-8F33-23CDC695FADA}.Release|iPhoneSimulator.Build.0 = Release|Any CPU
		{62B29EAB-3309-416A-8F33-23CDC695FADA}.Release|Mixed Platforms.ActiveCfg = Release|Any CPU
		{62B29EAB-3309-416A-8F33-23CDC695FADA}.Release|Mixed Platforms.Build.0 = Release|Any CPU
		{62B29EAB-3309-416A-8F33-23CDC695FADA}.Release|x86.ActiveCfg = Release|Any CPU
		{62B29EAB-3309-416A-8F33-23CDC695FADA}.Release|x86.Build.0 = Release|Any CPU
	EndGlobalSection
	GlobalSection(NestedProjects) = preSolution
		{CBF65A2E-F9EF-415F-8FA7-907D93330A84} = {1604C895-1B25-403C-B64D-A40BC0FB9CD0}
		{C30B5BDF-0031-4D88-AF39-4CAA2B48A2DC} = {1604C895-1B25-403C-B64D-A40BC0FB9CD0}
		{CAC6A101-C21B-4641-84ED-B24F40F213FA} = {1604C895-1B25-403C-B64D-A40BC0FB9CD0}
		{C770EFB9-9693-40DD-A34C-FE4A541B4EB5} = {AED9F5BE-D1EA-4D4D-AA6F-5A9BABD50C19}
		{CDF5610A-C087-4DFA-BCAD-F53392D7E917} = {AED9F5BE-D1EA-4D4D-AA6F-5A9BABD50C19}
		{D6FDA480-F476-4830-8837-6F5EA9360642} = {AED9F5BE-D1EA-4D4D-AA6F-5A9BABD50C19}
		{48C46F4E-41FB-4462-A7B9-3C9970ED207B} = {AED9F5BE-D1EA-4D4D-AA6F-5A9BABD50C19}
		{62B29EAB-3309-416A-8F33-23CDC695FADA} = {1604C895-1B25-403C-B64D-A40BC0FB9CD0}
	EndGlobalSection
	GlobalSection(SolutionProperties) = preSolution
		HideSolutionNode = FALSE
	EndGlobalSection
EndGlobal
